// !$*UTF8*$!
{
	archiveVersion = 1;
	classes = {
	};
	objectVersion = 46;
	objects = {

/* Begin PBXBuildFile section */
		8AFE19901DD4B91B00A33FFB /* AppDelegate.swift in Sources */ = {isa = PBXBuildFile; fileRef = 8AFE198F1DD4B91B00A33FFB /* AppDelegate.swift */; };
		8AFE19921DD4B91B00A33FFB /* ViewController.swift in Sources */ = {isa = PBXBuildFile; fileRef = 8AFE19911DD4B91B00A33FFB /* ViewController.swift */; };
		8AFE19951DD4B91B00A33FFB /* Main.storyboard in Resources */ = {isa = PBXBuildFile; fileRef = 8AFE19931DD4B91B00A33FFB /* Main.storyboard */; };
		8AFE19971DD4B91B00A33FFB /* Assets.xcassets in Resources */ = {isa = PBXBuildFile; fileRef = 8AFE19961DD4B91B00A33FFB /* Assets.xcassets */; };
/* End PBXBuildFile section */

/* Begin PBXFileReference section */
		8AFE198C1DD4B91B00A33FFB /* DoodleGameApp.app */ = {isa = PBXFileReference; explicitFileType = wrapper.application; includeInIndex = 0; path = DoodleGameApp.app; sourceTree = BUILT_PRODUCTS_DIR; };
		8AFE198F1DD4B91B00A33FFB /* AppDelegate.swift */ = {isa = PBXFileReference; lastKnownFileType = sourcecode.swift; path = AppDelegate.swift; sourceTree = "<group>"; };
		8AFE19911DD4B91B00A33FFB /* ViewController.swift */ = {isa = PBXFileReference; lastKnownFileType = sourcecode.swift; path = ViewController.swift; sourceTree = "<group>"; };
		8AFE19941DD4B91B00A33FFB /* Base */ = {isa = PBXFileReference; lastKnownFileType = file.storyboard; name = Base; path = Base.lproj/Main.storyboard; sourceTree = "<group>"; };
		8AFE19961DD4B91B00A33FFB /* Assets.xcassets */ = {isa = PBXFileReference; lastKnownFileType = folder.assetcatalog; path = Assets.xcassets; sourceTree = "<group>"; };
		8AFE19981DD4B91B00A33FFB /* Info.plist */ = {isa = PBXFileReference; lastKnownFileType = text.plist.xml; path = Info.plist; sourceTree = "<group>"; };
/* End PBXFileReference section */

/* Begin PBXFrameworksBuildPhase section */
		8AFE19891DD4B91B00A33FFB /* Frameworks */ = {
			isa = PBXFrameworksBuildPhase;
			buildActionMask = 2147483647;
			files = (
			);
			runOnlyForDeploymentPostprocessing = 0;
		};
/* End PBXFrameworksBuildPhase section */

/* Begin PBXGroup section */
		8AFE19831DD4B91B00A33FFB = {
			isa = PBXGroup;
			children = (
				8AFE198E1DD4B91B00A33FFB /* DoodleGameApp */,
				8AFE198D1DD4B91B00A33FFB /* Products */,
			);
			sourceTree = "<group>";
		};
		8AFE198D1DD4B91B00A33FFB /* Products */ = {
			isa = PBXGroup;
			children = (
				8AFE198C1DD4B91B00A33FFB /* DoodleGameApp.app */,
			);
			name = Products;
			sourceTree = "<group>";
		};
		8AFE198E1DD4B91B00A33FFB /* DoodleGameApp */ = {
			isa = PBXGroup;
			children = (
				8AFE198F1DD4B91B00A33FFB /* AppDelegate.swift */,
				8AFE19911DD4B91B00A33FFB /* ViewController.swift */,
				8AFE19931DD4B91B00A33FFB /* Main.storyboard */,
				8AFE19961DD4B91B00A33FFB /* Assets.xcassets */,
				8AFE19981DD4B91B00A33FFB /* Info.plist */,
			);
			path = DoodleGameApp;
			sourceTree = "<group>";
		};
/* End PBXGroup section */

/* Begin PBXNativeTarget section */
		8AFE198B1DD4B91B00A33FFB /* DoodleGameApp */ = {
			isa = PBXNativeTarget;
			buildConfigurationList = 8AFE199B1DD4B91B00A33FFB /* Build configuration list for PBXNativeTarget "DoodleGameApp" */;
			buildPhases = (
				8AFE19881DD4B91B00A33FFB /* Sources */,
				8AFE19891DD4B91B00A33FFB /* Frameworks */,
				8AFE198A1DD4B91B00A33FFB /* Resources */,
			);
			buildRules = (
			);
			dependencies = (
			);
			name = DoodleGameApp;
			productName = DoodleGameApp;
			productReference = 8AFE198C1DD4B91B00A33FFB /* DoodleGameApp.app */;
			productType = "com.apple.product-type.application";
		};
/* End PBXNativeTarget section */

/* Begin PBXProject section */
		8AFE19841DD4B91B00A33FFB /* Project object */ = {
			isa = PBXProject;
			attributes = {
				LastSwiftUpdateCheck = 0810;
				LastUpgradeCheck = 0810;
				ORGANIZATIONNAME = "Michelle Beadle";
				TargetAttributes = {
					8AFE198B1DD4B91B00A33FFB = {
						CreatedOnToolsVersion = 8.1;
						DevelopmentTeam = H98HS8WJD5;
						ProvisioningStyle = Automatic;
					};
				};
			};
			buildConfigurationList = 8AFE19871DD4B91B00A33FFB /* Build configuration list for PBXProject "DoodleGameApp" */;
			compatibilityVersion = "Xcode 3.2";
			developmentRegion = English;
			hasScannedForEncodings = 0;
			knownRegions = (
				en,
				Base,
			);
			mainGroup = 8AFE19831DD4B91B00A33FFB;
			productRefGroup = 8AFE198D1DD4B91B00A33FFB /* Products */;
			projectDirPath = "";
			projectRoot = "";
			targets = (
				8AFE198B1DD4B91B00A33FFB /* DoodleGameApp */,
			);
		};
/* End PBXProject section */

/* Begin PBXResourcesBuildPhase section */
		8AFE198A1DD4B91B00A33FFB /* Resources */ = {
			isa = PBXResourcesBuildPhase;
			buildActionMask = 2147483647;
			files = (
				8AFE19971DD4B91B00A33FFB /* Assets.xcassets in Resources */,
				8AFE19951DD4B91B00A33FFB /* Main.storyboard in Resources */,
			);
			runOnlyForDeploymentPostprocessing = 0;
		};
/* End PBXResourcesBuildPhase section */

/* Begin PBXSourcesBuildPhase section */
		8AFE19881DD4B91B00A33FFB /* Sources */ = {
			isa = PBXSourcesBuildPhase;
			buildActionMask = 2147483647;
			files = (
				8AFE19921DD4B91B00A33FFB /* ViewController.swift in Sources */,
				8AFE19901DD4B91B00A33FFB /* AppDelegate.swift in Sources */,
			);
			runOnlyForDeploymentPostprocessing = 0;
		};
/* End PBXSourcesBuildPhase section */

/* Begin PBXVariantGroup section */
		8AFE19931DD4B91B00A33FFB /* Main.storyboard */ = {
			isa = PBXVariantGroup;
			children = (
				8AFE19941DD4B91B00A33FFB /* Base */,
			);
			name = Main.storyboard;
			sourceTree = "<group>";
		};
/* End PBXVariantGroup section */

/* Begin XCBuildConfiguration section */
		8AFE19991DD4B91B00A33FFB /* Debug */ = {
			isa = XCBuildConfiguration;
			buildSettings = {
				ALWAYS_SEARCH_USER_PATHS = NO;
				CLANG_ANALYZER_NONNULL = YES;
				CLANG_CXX_LANGUAGE_STANDARD = "gnu++0x";
				CLANG_CXX_LIBRARY = "libc++";
				CLANG_ENABLE_MODULES = YES;
				CLANG_ENABLE_OBJC_ARC = YES;
				CLANG_WARN_BOOL_CONVERSION = YES;
				CLANG_WARN_CONSTANT_CONVERSION = YES;
				CLANG_WARN_DIRECT_OBJC_ISA_USAGE = YES_ERROR;
				CLANG_WARN_DOCUMENTATION_COMMENTS = YES;
				CLANG_WARN_EMPTY_BODY = YES;
				CLANG_WARN_ENUM_CONVERSION = YES;
				CLANG_WARN_INFINITE_RECURSION = YES;
				CLANG_WARN_INT_CONVERSION = YES;
				CLANG_WARN_OBJC_ROOT_CLASS = YES_ERROR;
				CLANG_WARN_SUSPICIOUS_MOVES = YES;
				CLANG_WARN_UNREACHABLE_CODE = YES;
				CLANG_WARN__DUPLICATE_METHOD_MATCH = YES;
				COPY_PHASE_STRIP = NO;
				DEBUG_INFORMATION_FORMAT = dwarf;
				ENABLE_STRICT_OBJC_MSGSEND = YES;
				ENABLE_TESTABILITY = YES;
				GCC_C_LANGUAGE_STANDARD = gnu99;
				GCC_DYNAMIC_NO_PIC = NO;
				GCC_NO_COMMON_BLOCKS = YES;
				GCC_OPTIMIZATION_LEVEL = 0;
				GCC_PREPROCESSOR_DEFINITIONS = (
					"DEBUG=1",
					"$(inherited)",
				);
				GCC_WARN_64_TO_32_BIT_CONVERSION = YES;
				GCC_WARN_ABOUT_RETURN_TYPE = YES_ERROR;
				GCC_WARN_UNDECLARED_SELECTOR = YES;
				GCC_WARN_UNINITIALIZED_AUTOS = YES_AGGRESSIVE;
				GCC_WARN_UNUSED_FUNCTION = YES;
				GCC_WARN_UNUSED_VARIABLE = YES;
				MTL_ENABLE_DEBUG_INFO = YES;
				ONLY_ACTIVE_ARCH = YES;
				SDKROOT = appletvos;
				SWIFT_ACTIVE_COMPILATION_CONDITIONS = DEBUG;
				SWIFT_OPTIMIZATION_LEVEL = "-Onone";
				TARGETED_DEVICE_FAMILY = 3;
				TVOS_DEPLOYMENT_TARGET = 10.0;
			};
			name = Debug;
		};
		8AFE199A1DD4B91B00A33FFB /* Release */ = {
			isa = XCBuildConfiguration;
			buildSettings = {
				ALWAYS_SEARCH_USER_PATHS = NO;
				CLANG_ANALYZER_NONNULL = YES;
				CLANG_CXX_LANGUAGE_STANDARD = "gnu++0x";
				CLANG_CXX_LIBRARY = "libc++";
				CLANG_ENABLE_MODULES = YES;
				CLANG_ENABLE_OBJC_ARC = YES;
				CLANG_WARN_BOOL_CONVERSION = YES;
				CLANG_WARN_CONSTANT_CONVERSION = YES;
				CLANG_WARN_DIRECT_OBJC_ISA_USAGE = YES_ERROR;
				CLANG_WARN_DOCUMENTATION_COMMENTS = YES;
				CLANG_WARN_EMPTY_BODY = YES;
				CLANG_WARN_ENUM_CONVERSION = YES;
				CLANG_WARN_INFINITE_RECURSION = YES;
				CLANG_WARN_INT_CONVERSION = YES;
				CLANG_WARN_OBJC_ROOT_CLASS = YES_ERROR;
				CLANG_WARN_SUSPICIOUS_MOVES = YES;
				CLANG_WARN_UNREACHABLE_CODE = YES;
				CLANG_WARN__DUPLICATE_METHOD_MATCH = YES;
				COPY_PHASE_STRIP = NO;
				DEBUG_INFORMATION_FORMAT = "dwarf-with-dsym";
				ENABLE_NS_ASSERTIONS = NO;
				ENABLE_STRICT_OBJC_MSGSEND = YES;
				GCC_C_LANGUAGE_STANDARD = gnu99;
				GCC_NO_COMMON_BLOCKS = YES;
				GCC_WARN_64_TO_32_BIT_CONVERSION = YES;
				GCC_WARN_ABOUT_RETURN_TYPE = YES_ERROR;
				GCC_WARN_UNDECLARED_SELECTOR = YES;
				GCC_WARN_UNINITIALIZED_AUTOS = YES_AGGRESSIVE;
				GCC_WARN_UNUSED_FUNCTION = YES;
				GCC_WARN_UNUSED_VARIABLE = YES;
				MTL_ENABLE_DEBUG_INFO = NO;
				SDKROOT = appletvos;
				SWIFT_OPTIMIZATION_LEVEL = "-Owholemodule";
				TARGETED_DEVICE_FAMILY = 3;
				TVOS_DEPLOYMENT_TARGET = 10.0;
				VALIDATE_PRODUCT = YES;
			};
			name = Release;
		};
		8AFE199C1DD4B91B00A33FFB /* Debug */ = {
			isa = XCBuildConfiguration;
			buildSettings = {
				ASSETCATALOG_COMPILER_APPICON_NAME = "App Icon & Top Shelf Image";
				ASSETCATALOG_COMPILER_LAUNCHIMAGE_NAME = LaunchImage;
				DEVELOPMENT_TEAM = H98HS8WJD5;
				INFOPLIST_FILE = DoodleGameApp/Info.plist;
				LD_RUNPATH_SEARCH_PATHS = "$(inherited) @executable_path/Frameworks";
				PRODUCT_BUNDLE_IDENTIFIER = michellesantiago.DoodleGameApp;
				PRODUCT_NAME = "$(TARGET_NAME)";
				SWIFT_VERSION = 3.0;
			};
			name = Debug;
		};
		8AFE199D1DD4B91B00A33FFB /* Release */ = {
			isa = XCBuildConfiguration;
			buildSettings = {
				ASSETCATALOG_COMPILER_APPICON_NAME = "App Icon & Top Shelf Image";
				ASSETCATALOG_COMPILER_LAUNCHIMAGE_NAME = LaunchImage;
				DEVELOPMENT_TEAM = H98HS8WJD5;
				INFOPLIST_FILE = DoodleGameApp/Info.plist;
				LD_RUNPATH_SEARCH_PATHS = "$(inherited) @executable_path/Frameworks";
				PRODUCT_BUNDLE_IDENTIFIER = michellesantiago.DoodleGameApp;
				PRODUCT_NAME = "$(TARGET_NAME)";
				SWIFT_VERSION = 3.0;
			};
			name = Release;
		};
/* End XCBuildConfiguration section */

/* Begin XCConfigurationList section */
		8AFE19871DD4B91B00A33FFB /* Build configuration list for PBXProject "DoodleGameApp" */ = {
			isa = XCConfigurationList;
			buildConfigurations = (
				8AFE19991DD4B91B00A33FFB /* Debug */,
				8AFE199A1DD4B91B00A33FFB /* Release */,
			);
			defaultConfigurationIsVisible = 0;
			defaultConfigurationName = Release;
		};
		8AFE199B1DD4B91B00A33FFB /* Build configuration list for PBXNativeTarget "DoodleGameApp" */ = {
			isa = XCConfigurationList;
			buildConfigurations = (
				8AFE199C1DD4B91B00A33FFB /* Debug */,
				8AFE199D1DD4B91B00A33FFB /* Release */,
			);
			defaultConfigurationIsVisible = 0;
		};
/* End XCConfigurationList section */
	};
	rootObject = 8AFE19841DD4B91B00A33FFB /* Project object */;
}
